
Microsoft Visual Studio Solution File, Format Version 9.00
# Visual Studio 2005
Project("{FAE04EC0-301F-11D3-BF4B-00C04F79EFBC}") = "VWDAddin", "VWDAddin\VWDAddin.csproj", "{B9033EB8-AE22-44E2-9A8D-56D51A89CCB5}"
EndProject
Project("{54435603-DBB4-11D2-8724-00A0C9A8B90C}") = "VWDAddinSetup", "VWDAddinSetup\VWDAddinSetup.vdproj", "{2C3798EE-A26C-4BBE-B1D0-B41603B2C558}"
EndProject
Global
	GlobalSection(TextTemplating) = postSolution
		TextTemplating = 1
	EndGlobalSection
	GlobalSection(SolutionConfigurationPlatforms) = preSolution
		Debug|Any CPU = Debug|Any CPU
		Release|Any CPU = Release|Any CPU
	EndGlobalSection
	GlobalSection(ProjectConfigurationPlatforms) = postSolution
		{B9033EB8-AE22-44E2-9A8D-56D51A89CCB5}.Debug|Any CPU.ActiveCfg = Debug|Any CPU
		{B9033EB8-AE22-44E2-9A8D-56D51A89CCB5}.Debug|Any CPU.Build.0 = Debug|Any CPU
		{B9033EB8-AE22-44E2-9A8D-56D51A89CCB5}.Release|Any CPU.ActiveCfg = Release|Any CPU
		{B9033EB8-AE22-44E2-9A8D-56D51A89CCB5}.Release|Any CPU.Build.0 = Release|Any CPU
		{2C3798EE-A26C-4BBE-B1D0-B41603B2C558}.Debug|Any CPU.ActiveCfg = Debug
		{2C3798EE-A26C-4BBE-B1D0-B41603B2C558}.Release|Any CPU.ActiveCfg = Release
	EndGlobalSection
	GlobalSection(SolutionProperties) = preSolution
		HideSolutionNode = FALSE
	EndGlobalSection
EndGlobal
